
Microsoft Visual Studio Solution File, Format Version 12.00
# Visual Studio Version 16
VisualStudioVersion = 16.0.31702.278
MinimumVisualStudioVersion = 10.0.40219.1
Project("{9A19103F-16F7-4668-BE54-9A1E7A4F7556}") = "Question 7", "Question 7.csproj", "{7BEE7231-21AA-4D8A-81BD-A37D8E8DB7E1}"
EndProject
Global
	GlobalSection(SolutionConfigurationPlatforms) = preSolution
		Debug|Any CPU = Debug|Any CPU
		Release|Any CPU = Release|Any CPU
	EndGlobalSection
	GlobalSection(ProjectConfigurationPlatforms) = postSolution
		{7BEE7231-21AA-4D8A-81BD-A37D8E8DB7E1}.Debug|Any CPU.ActiveCfg = Debug|Any CPU
		{7BEE7231-21AA-4D8A-81BD-A37D8E8DB7E1}.Debug|Any CPU.Build.0 = Debug|Any CPU
		{7BEE7231-21AA-4D8A-81BD-A37D8E8DB7E1}.Release|Any CPU.ActiveCfg = Release|Any CPU
		{7BEE7231-21AA-4D8A-81BD-A37D8E8DB7E1}.Release|Any CPU.Build.0 = Release|Any CPU
	EndGlobalSection
	GlobalSection(SolutionProperties) = preSolution
		HideSolutionNode = FALSE
	EndGlobalSection
	GlobalSection(ExtensibilityGlobals) = postSolution
		SolutionGuid = {4EC701E7-1FD7-41FF-A508-C5928D94E24D}
	EndGlobalSection
EndGlobal
