
Microsoft Visual Studio Solution File, Format Version 12.00
# Visual Studio Version 16
VisualStudioVersion = 16.0.31702.278
MinimumVisualStudioVersion = 10.0.40219.1
Project("{9A19103F-16F7-4668-BE54-9A1E7A4F7556}") = "Question 14", "Question 14.csproj", "{C198D97B-8ACA-4E30-BBA1-99F01C44788C}"
EndProject
Global
	GlobalSection(SolutionConfigurationPlatforms) = preSolution
		Debug|Any CPU = Debug|Any CPU
		Release|Any CPU = Release|Any CPU
	EndGlobalSection
	GlobalSection(ProjectConfigurationPlatforms) = postSolution
		{C198D97B-8ACA-4E30-BBA1-99F01C44788C}.Debug|Any CPU.ActiveCfg = Debug|Any CPU
		{C198D97B-8ACA-4E30-BBA1-99F01C44788C}.Debug|Any CPU.Build.0 = Debug|Any CPU
		{C198D97B-8ACA-4E30-BBA1-99F01C44788C}.Release|Any CPU.ActiveCfg = Release|Any CPU
		{C198D97B-8ACA-4E30-BBA1-99F01C44788C}.Release|Any CPU.Build.0 = Release|Any CPU
	EndGlobalSection
	GlobalSection(SolutionProperties) = preSolution
		HideSolutionNode = FALSE
	EndGlobalSection
	GlobalSection(ExtensibilityGlobals) = postSolution
		SolutionGuid = {3DD17199-0FFC-48F5-BF3F-2649834999A2}
	EndGlobalSection
EndGlobal
