
Microsoft Visual Studio Solution File, Format Version 12.00
# Visual Studio Version 16
VisualStudioVersion = 16.0.31702.278
MinimumVisualStudioVersion = 10.0.40219.1
Project("{9A19103F-16F7-4668-BE54-9A1E7A4F7556}") = "Question 3", "Question 3.csproj", "{EB2F9B51-9353-4EAC-BB12-2FE8FA34049A}"
EndProject
Global
	GlobalSection(SolutionConfigurationPlatforms) = preSolution
		Debug|Any CPU = Debug|Any CPU
		Release|Any CPU = Release|Any CPU
	EndGlobalSection
	GlobalSection(ProjectConfigurationPlatforms) = postSolution
		{EB2F9B51-9353-4EAC-BB12-2FE8FA34049A}.Debug|Any CPU.ActiveCfg = Debug|Any CPU
		{EB2F9B51-9353-4EAC-BB12-2FE8FA34049A}.Debug|Any CPU.Build.0 = Debug|Any CPU
		{EB2F9B51-9353-4EAC-BB12-2FE8FA34049A}.Release|Any CPU.ActiveCfg = Release|Any CPU
		{EB2F9B51-9353-4EAC-BB12-2FE8FA34049A}.Release|Any CPU.Build.0 = Release|Any CPU
	EndGlobalSection
	GlobalSection(SolutionProperties) = preSolution
		HideSolutionNode = FALSE
	EndGlobalSection
	GlobalSection(ExtensibilityGlobals) = postSolution
		SolutionGuid = {80B6B273-F5CB-47DB-88AF-30F7C6470C8B}
	EndGlobalSection
EndGlobal
